
Microsoft Visual Studio Solution File, Format Version 12.00
# Visual Studio Version 16
VisualStudioVersion = 16.0.31112.23
MinimumVisualStudioVersion = 10.0.40219.1
Project("{9A19103F-16F7-4668-BE54-9A1E7A4F7556}") = "Web", "Web\Web.csproj", "{413BA478-EE43-4D82-91B5-5DC3DFB05370}"
EndProject
Project("{9A19103F-16F7-4668-BE54-9A1E7A4F7556}") = "Core", "Core\Core.csproj", "{1C0DC8EB-6DC6-4184-B458-1D8388083DA6}"
EndProject
Project("{9A19103F-16F7-4668-BE54-9A1E7A4F7556}") = "Infrastructure", "Infrastructure\Infrastructure.csproj", "{2838FC80-B18A-457E-B6BE-80C6B1D4E3F8}"
EndProject
Project("{FAE04EC0-301F-11D3-BF4B-00C04F79EFBC}") = "Unit.Tests", "Unit.Tests\Unit.Tests.csproj", "{FA4118F0-6228-4DFD-B3A1-C91937CC9AA3}"
EndProject
Global
	GlobalSection(SolutionConfigurationPlatforms) = preSolution
		Debug|Any CPU = Debug|Any CPU
		Release|Any CPU = Release|Any CPU
	EndGlobalSection
	GlobalSection(ProjectConfigurationPlatforms) = postSolution
		{413BA478-EE43-4D82-91B5-5DC3DFB05370}.Debug|Any CPU.ActiveCfg = Debug|Any CPU
		{413BA478-EE43-4D82-91B5-5DC3DFB05370}.Debug|Any CPU.Build.0 = Debug|Any CPU
		{413BA478-EE43-4D82-91B5-5DC3DFB05370}.Release|Any CPU.ActiveCfg = Release|Any CPU
		{413BA478-EE43-4D82-91B5-5DC3DFB05370}.Release|Any CPU.Build.0 = Release|Any CPU
		{1C0DC8EB-6DC6-4184-B458-1D8388083DA6}.Debug|Any CPU.ActiveCfg = Debug|Any CPU
		{1C0DC8EB-6DC6-4184-B458-1D8388083DA6}.Debug|Any CPU.Build.0 = Debug|Any CPU
		{1C0DC8EB-6DC6-4184-B458-1D8388083DA6}.Release|Any CPU.ActiveCfg = Release|Any CPU
		{1C0DC8EB-6DC6-4184-B458-1D8388083DA6}.Release|Any CPU.Build.0 = Release|Any CPU
		{2838FC80-B18A-457E-B6BE-80C6B1D4E3F8}.Debug|Any CPU.ActiveCfg = Debug|Any CPU
		{2838FC80-B18A-457E-B6BE-80C6B1D4E3F8}.Debug|Any CPU.Build.0 = Debug|Any CPU
		{2838FC80-B18A-457E-B6BE-80C6B1D4E3F8}.Release|Any CPU.ActiveCfg = Release|Any CPU
		{2838FC80-B18A-457E-B6BE-80C6B1D4E3F8}.Release|Any CPU.Build.0 = Release|Any CPU
		{FA4118F0-6228-4DFD-B3A1-C91937CC9AA3}.Debug|Any CPU.ActiveCfg = Debug|Any CPU
		{FA4118F0-6228-4DFD-B3A1-C91937CC9AA3}.Debug|Any CPU.Build.0 = Debug|Any CPU
		{FA4118F0-6228-4DFD-B3A1-C91937CC9AA3}.Release|Any CPU.ActiveCfg = Release|Any CPU
		{FA4118F0-6228-4DFD-B3A1-C91937CC9AA3}.Release|Any CPU.Build.0 = Release|Any CPU
	EndGlobalSection
	GlobalSection(SolutionProperties) = preSolution
		HideSolutionNode = FALSE
	EndGlobalSection
	GlobalSection(ExtensibilityGlobals) = postSolution
		SolutionGuid = {1CBD6C65-D8D4-4D2C-BAE1-67043C22442D}
	EndGlobalSection
EndGlobal
